// !$*UTF8*$!
{
	archiveVersion = 1;
	classes = {
	};
	objectVersion = 46;
	objects = {

/* Begin PBXBuildFile section */
		8F104B678E564530AAB5132C /* libPods.a in Frameworks */ = {isa = PBXBuildFile; fileRef = 72284495E17A47C891AE9524 /* libPods.a */; };
		CB249CF2178EE2F200F2EA3D /* UIKit.framework in Frameworks */ = {isa = PBXBuildFile; fileRef = CB249CF1178EE2F200F2EA3D /* UIKit.framework */; };
		CB249CF4178EE2F200F2EA3D /* Foundation.framework in Frameworks */ = {isa = PBXBuildFile; fileRef = CB249CF3178EE2F200F2EA3D /* Foundation.framework */; };
		CB249CF6178EE2F200F2EA3D /* CoreGraphics.framework in Frameworks */ = {isa = PBXBuildFile; fileRef = CB249CF5178EE2F200F2EA3D /* CoreGraphics.framework */; };
		CB249CFC178EE2F200F2EA3D /* InfoPlist.strings in Resources */ = {isa = PBXBuildFile; fileRef = CB249CFA178EE2F200F2EA3D /* InfoPlist.strings */; };
		CB249CFE178EE2F200F2EA3D /* main.m in Sources */ = {isa = PBXBuildFile; fileRef = CB249CFD178EE2F200F2EA3D /* main.m */; };
		CB249D02178EE2F200F2EA3D /* AppDelegate.m in Sources */ = {isa = PBXBuildFile; fileRef = CB249D01178EE2F200F2EA3D /* AppDelegate.m */; };
		CB249D04178EE2F200F2EA3D /* Default.png in Resources */ = {isa = PBXBuildFile; fileRef = CB249D03178EE2F200F2EA3D /* Default.png */; };
		CB249D06178EE2F200F2EA3D /* Default@2x.png in Resources */ = {isa = PBXBuildFile; fileRef = CB249D05178EE2F200F2EA3D /* Default@2x.png */; };
		CB249D08178EE2F200F2EA3D /* Default-568h@2x.png in Resources */ = {isa = PBXBuildFile; fileRef = CB249D07178EE2F200F2EA3D /* Default-568h@2x.png */; };
		CB249D0B178EE2F200F2EA3D /* ViewController.m in Sources */ = {isa = PBXBuildFile; fileRef = CB249D0A178EE2F200F2EA3D /* ViewController.m */; };
		CB249D0E178EE2F200F2EA3D /* ViewController.xib in Resources */ = {isa = PBXBuildFile; fileRef = CB249D0C178EE2F200F2EA3D /* ViewController.xib */; };
		CB249D16178EE2F300F2EA3D /* SenTestingKit.framework in Frameworks */ = {isa = PBXBuildFile; fileRef = CB249D15178EE2F300F2EA3D /* SenTestingKit.framework */; };
		CB249D17178EE2F300F2EA3D /* UIKit.framework in Frameworks */ = {isa = PBXBuildFile; fileRef = CB249CF1178EE2F200F2EA3D /* UIKit.framework */; };
		CB249D18178EE2F300F2EA3D /* Foundation.framework in Frameworks */ = {isa = PBXBuildFile; fileRef = CB249CF3178EE2F200F2EA3D /* Foundation.framework */; };
		CB249D20178EE2F300F2EA3D /* InfoPlist.strings in Resources */ = {isa = PBXBuildFile; fileRef = CB249D1E178EE2F300F2EA3D /* InfoPlist.strings */; };
		CB249D23178EE2F300F2EA3D /* iOS_DNSDObjectsTests.m in Sources */ = {isa = PBXBuildFile; fileRef = CB249D22178EE2F300F2EA3D /* iOS_DNSDObjectsTests.m */; };
		CBAF4E781790250E00ACD4CA /* DNSSDUtilsTests.m in Sources */ = {isa = PBXBuildFile; fileRef = CBAF4E771790250E00ACD4CA /* DNSSDUtilsTests.m */; };
/* End PBXBuildFile section */

/* Begin PBXContainerItemProxy section */
		CB249D19178EE2F300F2EA3D /* PBXContainerItemProxy */ = {
			isa = PBXContainerItemProxy;
			containerPortal = CB249CE6178EE2F200F2EA3D /* Project object */;
			proxyType = 1;
			remoteGlobalIDString = CB249CED178EE2F200F2EA3D;
			remoteInfo = iOS_DNSDObjects;
		};
/* End PBXContainerItemProxy section */

/* Begin PBXFileReference section */
		72284495E17A47C891AE9524 /* libPods.a */ = {isa = PBXFileReference; explicitFileType = archive.ar; includeInIndex = 0; path = libPods.a; sourceTree = BUILT_PRODUCTS_DIR; };
		9284D75664F645D7B40D4999 /* Pods.xcconfig */ = {isa = PBXFileReference; includeInIndex = 1; lastKnownFileType = text.xcconfig; name = Pods.xcconfig; path = Pods/Pods.xcconfig; sourceTree = SOURCE_ROOT; };
		CB249CEE178EE2F200F2EA3D /* iOS_DNSDObjects.app */ = {isa = PBXFileReference; explicitFileType = wrapper.application; includeInIndex = 0; path = iOS_DNSDObjects.app; sourceTree = BUILT_PRODUCTS_DIR; };
		CB249CF1178EE2F200F2EA3D /* UIKit.framework */ = {isa = PBXFileReference; lastKnownFileType = wrapper.framework; name = UIKit.framework; path = System/Library/Frameworks/UIKit.framework; sourceTree = SDKROOT; };
		CB249CF3178EE2F200F2EA3D /* Foundation.framework */ = {isa = PBXFileReference; lastKnownFileType = wrapper.framework; name = Foundation.framework; path = System/Library/Frameworks/Foundation.framework; sourceTree = SDKROOT; };
		CB249CF5178EE2F200F2EA3D /* CoreGraphics.framework */ = {isa = PBXFileReference; lastKnownFileType = wrapper.framework; name = CoreGraphics.framework; path = System/Library/Frameworks/CoreGraphics.framework; sourceTree = SDKROOT; };
		CB249CF9178EE2F200F2EA3D /* iOS_DNSDObjects-Info.plist */ = {isa = PBXFileReference; lastKnownFileType = text.plist.xml; path = "iOS_DNSDObjects-Info.plist"; sourceTree = "<group>"; };
		CB249CFB178EE2F200F2EA3D /* en */ = {isa = PBXFileReference; lastKnownFileType = text.plist.strings; name = en; path = en.lproj/InfoPlist.strings; sourceTree = "<group>"; };
		CB249CFD178EE2F200F2EA3D /* main.m */ = {isa = PBXFileReference; lastKnownFileType = sourcecode.c.objc; path = main.m; sourceTree = "<group>"; };
		CB249CFF178EE2F200F2EA3D /* iOS_DNSDObjects-Prefix.pch */ = {isa = PBXFileReference; lastKnownFileType = sourcecode.c.h; path = "iOS_DNSDObjects-Prefix.pch"; sourceTree = "<group>"; };
		CB249D00178EE2F200F2EA3D /* AppDelegate.h */ = {isa = PBXFileReference; lastKnownFileType = sourcecode.c.h; path = AppDelegate.h; sourceTree = "<group>"; };
		CB249D01178EE2F200F2EA3D /* AppDelegate.m */ = {isa = PBXFileReference; lastKnownFileType = sourcecode.c.objc; path = AppDelegate.m; sourceTree = "<group>"; };
		CB249D03178EE2F200F2EA3D /* Default.png */ = {isa = PBXFileReference; lastKnownFileType = image.png; path = Default.png; sourceTree = "<group>"; };
		CB249D05178EE2F200F2EA3D /* Default@2x.png */ = {isa = PBXFileReference; lastKnownFileType = image.png; path = "Default@2x.png"; sourceTree = "<group>"; };
		CB249D07178EE2F200F2EA3D /* Default-568h@2x.png */ = {isa = PBXFileReference; lastKnownFileType = image.png; path = "Default-568h@2x.png"; sourceTree = "<group>"; };
		CB249D09178EE2F200F2EA3D /* ViewController.h */ = {isa = PBXFileReference; lastKnownFileType = sourcecode.c.h; path = ViewController.h; sourceTree = "<group>"; };
		CB249D0A178EE2F200F2EA3D /* ViewController.m */ = {isa = PBXFileReference; lastKnownFileType = sourcecode.c.objc; path = ViewController.m; sourceTree = "<group>"; };
		CB249D0D178EE2F200F2EA3D /* en */ = {isa = PBXFileReference; lastKnownFileType = file.xib; name = en; path = en.lproj/ViewController.xib; sourceTree = "<group>"; };
		CB249D14178EE2F300F2EA3D /* iOS_DNSDObjectsTests.octest */ = {isa = PBXFileReference; explicitFileType = wrapper.cfbundle; includeInIndex = 0; path = iOS_DNSDObjectsTests.octest; sourceTree = BUILT_PRODUCTS_DIR; };
		CB249D15178EE2F300F2EA3D /* SenTestingKit.framework */ = {isa = PBXFileReference; lastKnownFileType = wrapper.framework; name = SenTestingKit.framework; path = Library/Frameworks/SenTestingKit.framework; sourceTree = DEVELOPER_DIR; };
		CB249D1D178EE2F300F2EA3D /* iOS_DNSDObjectsTests-Info.plist */ = {isa = PBXFileReference; lastKnownFileType = text.plist.xml; path = "iOS_DNSDObjectsTests-Info.plist"; sourceTree = "<group>"; };
		CB249D1F178EE2F300F2EA3D /* en */ = {isa = PBXFileReference; lastKnownFileType = text.plist.strings; name = en; path = en.lproj/InfoPlist.strings; sourceTree = "<group>"; };
		CB249D22178EE2F300F2EA3D /* iOS_DNSDObjectsTests.m */ = {isa = PBXFileReference; lastKnownFileType = sourcecode.c.objc; path = iOS_DNSDObjectsTests.m; sourceTree = "<group>"; };
		CBAF4E771790250E00ACD4CA /* DNSSDUtilsTests.m */ = {isa = PBXFileReference; fileEncoding = 4; lastKnownFileType = sourcecode.c.objc; path = DNSSDUtilsTests.m; sourceTree = "<group>"; };
		CBAF4E7A1790252500ACD4CA /* DNSSDBrowser.h */ = {isa = PBXFileReference; fileEncoding = 4; lastKnownFileType = sourcecode.c.h; name = DNSSDBrowser.h; path = ../../../Source/DNSSDBrowser.h; sourceTree = "<group>"; };
		CBAF4E7B1790252500ACD4CA /* DNSSDRegistration.h */ = {isa = PBXFileReference; fileEncoding = 4; lastKnownFileType = sourcecode.c.h; name = DNSSDRegistration.h; path = ../../../Source/DNSSDRegistration.h; sourceTree = "<group>"; };
		CBAF4E7C1790252500ACD4CA /* DNSSDService.h */ = {isa = PBXFileReference; fileEncoding = 4; lastKnownFileType = sourcecode.c.h; name = DNSSDService.h; path = ../../../Source/DNSSDService.h; sourceTree = "<group>"; };
		CBAF4E7D1790252500ACD4CA /* DNSSDUtils.h */ = {isa = PBXFileReference; fileEncoding = 4; lastKnownFileType = sourcecode.c.h; name = DNSSDUtils.h; path = ../../../Source/DNSSDUtils.h; sourceTree = "<group>"; };
/* End PBXFileReference section */

/* Begin PBXFrameworksBuildPhase section */
		CB249CEB178EE2F200F2EA3D /* Frameworks */ = {
			isa = PBXFrameworksBuildPhase;
			buildActionMask = 2147483647;
			files = (
				CB249CF2178EE2F200F2EA3D /* UIKit.framework in Frameworks */,
				CB249CF4178EE2F200F2EA3D /* Foundation.framework in Frameworks */,
				CB249CF6178EE2F200F2EA3D /* CoreGraphics.framework in Frameworks */,
				8F104B678E564530AAB5132C /* libPods.a in Frameworks */,
			);
			runOnlyForDeploymentPostprocessing = 0;
		};
		CB249D10178EE2F300F2EA3D /* Frameworks */ = {
			isa = PBXFrameworksBuildPhase;
			buildActionMask = 2147483647;
			files = (
				CB249D16178EE2F300F2EA3D /* SenTestingKit.framework in Frameworks */,
				CB249D17178EE2F300F2EA3D /* UIKit.framework in Frameworks */,
				CB249D18178EE2F300F2EA3D /* Foundation.framework in Frameworks */,
			);
			runOnlyForDeploymentPostprocessing = 0;
		};
/* End PBXFrameworksBuildPhase section */

/* Begin PBXGroup section */
		CB249CE5178EE2F200F2EA3D = {
			isa = PBXGroup;
			children = (
				CB249CF7178EE2F200F2EA3D /* iOS_DNSDObjects */,
				CB249D1B178EE2F300F2EA3D /* iOS_DNSDObjectsTests */,
				CB249CF0178EE2F200F2EA3D /* Frameworks */,
				CB249CEF178EE2F200F2EA3D /* Products */,
				9284D75664F645D7B40D4999 /* Pods.xcconfig */,
			);
			sourceTree = "<group>";
		};
		CB249CEF178EE2F200F2EA3D /* Products */ = {
			isa = PBXGroup;
			children = (
				CB249CEE178EE2F200F2EA3D /* iOS_DNSDObjects.app */,
				CB249D14178EE2F300F2EA3D /* iOS_DNSDObjectsTests.octest */,
			);
			name = Products;
			sourceTree = "<group>";
		};
		CB249CF0178EE2F200F2EA3D /* Frameworks */ = {
			isa = PBXGroup;
			children = (
				CB249CF1178EE2F200F2EA3D /* UIKit.framework */,
				CB249CF3178EE2F200F2EA3D /* Foundation.framework */,
				CB249CF5178EE2F200F2EA3D /* CoreGraphics.framework */,
				CB249D15178EE2F300F2EA3D /* SenTestingKit.framework */,
				72284495E17A47C891AE9524 /* libPods.a */,
			);
			name = Frameworks;
			sourceTree = "<group>";
		};
		CB249CF7178EE2F200F2EA3D /* iOS_DNSDObjects */ = {
			isa = PBXGroup;
			children = (
				CB249D00178EE2F200F2EA3D /* AppDelegate.h */,
				CB249D01178EE2F200F2EA3D /* AppDelegate.m */,
				CB249D09178EE2F200F2EA3D /* ViewController.h */,
				CB249D0A178EE2F200F2EA3D /* ViewController.m */,
				CB249D0C178EE2F200F2EA3D /* ViewController.xib */,
				CB249CF8178EE2F200F2EA3D /* Supporting Files */,
			);
			path = iOS_DNSDObjects;
			sourceTree = "<group>";
		};
		CB249CF8178EE2F200F2EA3D /* Supporting Files */ = {
			isa = PBXGroup;
			children = (
				CB249CF9178EE2F200F2EA3D /* iOS_DNSDObjects-Info.plist */,
				CB249CFA178EE2F200F2EA3D /* InfoPlist.strings */,
				CB249CFD178EE2F200F2EA3D /* main.m */,
				CB249CFF178EE2F200F2EA3D /* iOS_DNSDObjects-Prefix.pch */,
				CB249D03178EE2F200F2EA3D /* Default.png */,
				CB249D05178EE2F200F2EA3D /* Default@2x.png */,
				CB249D07178EE2F200F2EA3D /* Default-568h@2x.png */,
			);
			name = "Supporting Files";
			sourceTree = "<group>";
		};
		CB249D1B178EE2F300F2EA3D /* iOS_DNSDObjectsTests */ = {
			isa = PBXGroup;
			children = (
				CBAF4E791790251700ACD4CA /* Headers */,
				CB249D22178EE2F300F2EA3D /* iOS_DNSDObjectsTests.m */,
				CBAF4E771790250E00ACD4CA /* DNSSDUtilsTests.m */,
				CB249D1C178EE2F300F2EA3D /* Supporting Files */,
			);
			path = iOS_DNSDObjectsTests;
			sourceTree = "<group>";
		};
		CB249D1C178EE2F300F2EA3D /* Supporting Files */ = {
			isa = PBXGroup;
			children = (
				CB249D1D178EE2F300F2EA3D /* iOS_DNSDObjectsTests-Info.plist */,
				CB249D1E178EE2F300F2EA3D /* InfoPlist.strings */,
			);
			name = "Supporting Files";
			sourceTree = "<group>";
		};
		CBAF4E791790251700ACD4CA /* Headers */ = {
			isa = PBXGroup;
			children = (
				CBAF4E7A1790252500ACD4CA /* DNSSDBrowser.h */,
				CBAF4E7B1790252500ACD4CA /* DNSSDRegistration.h */,
				CBAF4E7C1790252500ACD4CA /* DNSSDService.h */,
				CBAF4E7D1790252500ACD4CA /* DNSSDUtils.h */,
			);
			name = Headers;
			sourceTree = "<group>";
		};
/* End PBXGroup section */

/* Begin PBXNativeTarget section */
		CB249CED178EE2F200F2EA3D /* iOS_DNSDObjects */ = {
			isa = PBXNativeTarget;
			buildConfigurationList = CB249D26178EE2F300F2EA3D /* Build configuration list for PBXNativeTarget "iOS_DNSDObjects" */;
			buildPhases = (
				E3BB93F50B0A4BE1B18AB039 /* Check Pods Manifest.lock */,
				CB249CEA178EE2F200F2EA3D /* Sources */,
				CB249CEB178EE2F200F2EA3D /* Frameworks */,
				CB249CEC178EE2F200F2EA3D /* Resources */,
				78F089C634F44EC097080A60 /* Copy Pods Resources */,
			);
			buildRules = (
			);
			dependencies = (
			);
			name = iOS_DNSDObjects;
			productName = iOS_DNSDObjects;
			productReference = CB249CEE178EE2F200F2EA3D /* iOS_DNSDObjects.app */;
			productType = "com.apple.product-type.application";
		};
		CB249D13178EE2F300F2EA3D /* iOS_DNSDObjectsTests */ = {
			isa = PBXNativeTarget;
			buildConfigurationList = CB249D29178EE2F300F2EA3D /* Build configuration list for PBXNativeTarget "iOS_DNSDObjectsTests" */;
			buildPhases = (
				CB249D0F178EE2F300F2EA3D /* Sources */,
				CB249D10178EE2F300F2EA3D /* Frameworks */,
				CB249D11178EE2F300F2EA3D /* Resources */,
				CB249D12178EE2F300F2EA3D /* ShellScript */,
			);
			buildRules = (
			);
			dependencies = (
				CB249D1A178EE2F300F2EA3D /* PBXTargetDependency */,
			);
			name = iOS_DNSDObjectsTests;
			productName = iOS_DNSDObjectsTests;
			productReference = CB249D14178EE2F300F2EA3D /* iOS_DNSDObjectsTests.octest */;
			productType = "com.apple.product-type.bundle";
		};
/* End PBXNativeTarget section */

/* Begin PBXProject section */
		CB249CE6178EE2F200F2EA3D /* Project object */ = {
			isa = PBXProject;
			attributes = {
				LastUpgradeCheck = 0460;
				ORGANIZATIONNAME = "Heiko Behrens";
			};
			buildConfigurationList = CB249CE9178EE2F200F2EA3D /* Build configuration list for PBXProject "iOS_DNSDObjects" */;
			compatibilityVersion = "Xcode 3.2";
			developmentRegion = English;
			hasScannedForEncodings = 0;
			knownRegions = (
				en,
			);
			mainGroup = CB249CE5178EE2F200F2EA3D;
			productRefGroup = CB249CEF178EE2F200F2EA3D /* Products */;
			projectDirPath = "";
			projectRoot = "";
			targets = (
				CB249CED178EE2F200F2EA3D /* iOS_DNSDObjects */,
				CB249D13178EE2F300F2EA3D /* iOS_DNSDObjectsTests */,
			);
		};
/* End PBXProject section */

/* Begin PBXResourcesBuildPhase section */
		CB249CEC178EE2F200F2EA3D /* Resources */ = {
			isa = PBXResourcesBuildPhase;
			buildActionMask = 2147483647;
			files = (
				CB249CFC178EE2F200F2EA3D /* InfoPlist.strings in Resources */,
				CB249D04178EE2F200F2EA3D /* Default.png in Resources */,
				CB249D06178EE2F200F2EA3D /* Default@2x.png in Resources */,
				CB249D08178EE2F200F2EA3D /* Default-568h@2x.png in Resources */,
				CB249D0E178EE2F200F2EA3D /* ViewController.xib in Resources */,
			);
			runOnlyForDeploymentPostprocessing = 0;
		};
		CB249D11178EE2F300F2EA3D /* Resources */ = {
			isa = PBXResourcesBuildPhase;
			buildActionMask = 2147483647;
			files = (
				CB249D20178EE2F300F2EA3D /* InfoPlist.strings in Resources */,
			);
			runOnlyForDeploymentPostprocessing = 0;
		};
/* End PBXResourcesBuildPhase section */

/* Begin PBXShellScriptBuildPhase section */
		78F089C634F44EC097080A60 /* Copy Pods Resources */ = {
			isa = PBXShellScriptBuildPhase;
			buildActionMask = 2147483647;
			files = (
			);
			inputPaths = (
			);
			name = "Copy Pods Resources";
			outputPaths = (
			);
			runOnlyForDeploymentPostprocessing = 0;
			shellPath = /bin/sh;
			shellScript = "\"${SRCROOT}/Pods/Pods-resources.sh\"\n";
		};
		CB249D12178EE2F300F2EA3D /* ShellScript */ = {
			isa = PBXShellScriptBuildPhase;
			buildActionMask = 2147483647;
			files = (
			);
			inputPaths = (
			);
			outputPaths = (
			);
			runOnlyForDeploymentPostprocessing = 0;
			shellPath = /bin/sh;
			shellScript = "# Run the unit tests in this test bundle.\n\"${SYSTEM_DEVELOPER_DIR}/Tools/RunUnitTests\"\n";
		};
		E3BB93F50B0A4BE1B18AB039 /* Check Pods Manifest.lock */ = {
			isa = PBXShellScriptBuildPhase;
			buildActionMask = 2147483647;
			files = (
			);
			inputPaths = (
			);
			name = "Check Pods Manifest.lock";
			outputPaths = (
			);
			runOnlyForDeploymentPostprocessing = 0;
			shellPath = /bin/sh;
			shellScript = "diff \"${PODS_ROOT}/../Podfile.lock\" \"${PODS_ROOT}/Manifest.lock\" > /dev/null\nif [[ $? != 0 ]] ; then\n    cat << EOM\nerror: The sandbox is not in sync with the Podfile.lock. Run 'pod install' or update your CocoaPods installation.\nEOM\n    exit 1\nfi\n";
		};
/* End PBXShellScriptBuildPhase section */

/* Begin PBXSourcesBuildPhase section */
		CB249CEA178EE2F200F2EA3D /* Sources */ = {
			isa = PBXSourcesBuildPhase;
			buildActionMask = 2147483647;
			files = (
				CB249CFE178EE2F200F2EA3D /* main.m in Sources */,
				CB249D02178EE2F200F2EA3D /* AppDelegate.m in Sources */,
				CB249D0B178EE2F200F2EA3D /* ViewController.m in Sources */,
			);
			runOnlyForDeploymentPostprocessing = 0;
		};
		CB249D0F178EE2F300F2EA3D /* Sources */ = {
			isa = PBXSourcesBuildPhase;
			buildActionMask = 2147483647;
			files = (
				CB249D23178EE2F300F2EA3D /* iOS_DNSDObjectsTests.m in Sources */,
				CBAF4E781790250E00ACD4CA /* DNSSDUtilsTests.m in Sources */,
			);
			runOnlyForDeploymentPostprocessing = 0;
		};
/* End PBXSourcesBuildPhase section */

/* Begin PBXTargetDependency section */
		CB249D1A178EE2F300F2EA3D /* PBXTargetDependency */ = {
			isa = PBXTargetDependency;
			target = CB249CED178EE2F200F2EA3D /* iOS_DNSDObjects */;
			targetProxy = CB249D19178EE2F300F2EA3D /* PBXContainerItemProxy */;
		};
/* End PBXTargetDependency section */

/* Begin PBXVariantGroup section */
		CB249CFA178EE2F200F2EA3D /* InfoPlist.strings */ = {
			isa = PBXVariantGroup;
			children = (
				CB249CFB178EE2F200F2EA3D /* en */,
			);
			name = InfoPlist.strings;
			sourceTree = "<group>";
		};
		CB249D0C178EE2F200F2EA3D /* ViewController.xib */ = {
			isa = PBXVariantGroup;
			children = (
				CB249D0D178EE2F200F2EA3D /* en */,
			);
			name = ViewController.xib;
			sourceTree = "<group>";
		};
		CB249D1E178EE2F300F2EA3D /* InfoPlist.strings */ = {
			isa = PBXVariantGroup;
			children = (
				CB249D1F178EE2F300F2EA3D /* en */,
			);
			name = InfoPlist.strings;
			sourceTree = "<group>";
		};
/* End PBXVariantGroup section */

/* Begin XCBuildConfiguration section */
		CB249D24178EE2F300F2EA3D /* Debug */ = {
			isa = XCBuildConfiguration;
			buildSettings = {
				ALWAYS_SEARCH_USER_PATHS = NO;
				CLANG_CXX_LANGUAGE_STANDARD = "gnu++0x";
				CLANG_CXX_LIBRARY = "libc++";
				CLANG_ENABLE_OBJC_ARC = YES;
				CLANG_WARN_CONSTANT_CONVERSION = YES;
				CLANG_WARN_EMPTY_BODY = YES;
				CLANG_WARN_ENUM_CONVERSION = YES;
				CLANG_WARN_INT_CONVERSION = YES;
				CLANG_WARN__DUPLICATE_METHOD_MATCH = YES;
				"CODE_SIGN_IDENTITY[sdk=iphoneos*]" = "iPhone Developer";
				COPY_PHASE_STRIP = NO;
				GCC_C_LANGUAGE_STANDARD = gnu99;
				GCC_DYNAMIC_NO_PIC = NO;
				GCC_OPTIMIZATION_LEVEL = 0;
				GCC_PREPROCESSOR_DEFINITIONS = (
					"DEBUG=1",
					"$(inherited)",
				);
				GCC_SYMBOLS_PRIVATE_EXTERN = NO;
				GCC_WARN_ABOUT_RETURN_TYPE = YES;
				GCC_WARN_UNINITIALIZED_AUTOS = YES;
				GCC_WARN_UNUSED_VARIABLE = YES;
				IPHONEOS_DEPLOYMENT_TARGET = 6.1;
				ONLY_ACTIVE_ARCH = YES;
				SDKROOT = iphoneos;
			};
			name = Debug;
		};
		CB249D25178EE2F300F2EA3D /* Release */ = {
			isa = XCBuildConfiguration;
			buildSettings = {
				ALWAYS_SEARCH_USER_PATHS = NO;
				CLANG_CXX_LANGUAGE_STANDARD = "gnu++0x";
				CLANG_CXX_LIBRARY = "libc++";
				CLANG_ENABLE_OBJC_ARC = YES;
				CLANG_WARN_CONSTANT_CONVERSION = YES;
				CLANG_WARN_EMPTY_BODY = YES;
				CLANG_WARN_ENUM_CONVERSION = YES;
				CLANG_WARN_INT_CONVERSION = YES;
				CLANG_WARN__DUPLICATE_METHOD_MATCH = YES;
				"CODE_SIGN_IDENTITY[sdk=iphoneos*]" = "iPhone Developer";
				COPY_PHASE_STRIP = YES;
				GCC_C_LANGUAGE_STANDARD = gnu99;
				GCC_WARN_ABOUT_RETURN_TYPE = YES;
				GCC_WARN_UNINITIALIZED_AUTOS = YES;
				GCC_WARN_UNUSED_VARIABLE = YES;
				IPHONEOS_DEPLOYMENT_TARGET = 6.1;
				OTHER_CFLAGS = "-DNS_BLOCK_ASSERTIONS=1";
				SDKROOT = iphoneos;
				VALIDATE_PRODUCT = YES;
			};
			name = Release;
		};
		CB249D27178EE2F300F2EA3D /* Debug */ = {
			isa = XCBuildConfiguration;
			baseConfigurationReference = 9284D75664F645D7B40D4999 /* Pods.xcconfig */;
			buildSettings = {
				GCC_PRECOMPILE_PREFIX_HEADER = YES;
				GCC_PREFIX_HEADER = "iOS_DNSDObjects/iOS_DNSDObjects-Prefix.pch";
				INFOPLIST_FILE = "iOS_DNSDObjects/iOS_DNSDObjects-Info.plist";
				PRODUCT_NAME = "$(TARGET_NAME)";
				WRAPPER_EXTENSION = app;
			};
			name = Debug;
		};
		CB249D28178EE2F300F2EA3D /* Release */ = {
			isa = XCBuildConfiguration;
			baseConfigurationReference = 9284D75664F645D7B40D4999 /* Pods.xcconfig */;
			buildSettings = {
				GCC_PRECOMPILE_PREFIX_HEADER = YES;
				GCC_PREFIX_HEADER = "iOS_DNSDObjects/iOS_DNSDObjects-Prefix.pch";
				INFOPLIST_FILE = "iOS_DNSDObjects/iOS_DNSDObjects-Info.plist";
				PRODUCT_NAME = "$(TARGET_NAME)";
				WRAPPER_EXTENSION = app;
			};
			name = Release;
		};
		CB249D2A178EE2F300F2EA3D /* Debug */ = {
			isa = XCBuildConfiguration;
			buildSettings = {
				BUNDLE_LOADER = "$(BUILT_PRODUCTS_DIR)/iOS_DNSDObjects.app/iOS_DNSDObjects";
				FRAMEWORK_SEARCH_PATHS = (
					"\"$(SDKROOT)/Developer/Library/Frameworks\"",
					"\"$(DEVELOPER_LIBRARY_DIR)/Frameworks\"",
				);
				GCC_PRECOMPILE_PREFIX_HEADER = YES;
				GCC_PREFIX_HEADER = "iOS_DNSDObjects/iOS_DNSDObjects-Prefix.pch";
				INFOPLIST_FILE = "iOS_DNSDObjectsTests/iOS_DNSDObjectsTests-Info.plist";
				PRODUCT_NAME = "$(TARGET_NAME)";
				TEST_HOST = "$(BUNDLE_LOADER)";
				WRAPPER_EXTENSION = octest;
			};
			name = Debug;
		};
		CB249D2B178EE2F300F2EA3D /* Release */ = {
			isa = XCBuildConfiguration;
			buildSettings = {
				BUNDLE_LOADER = "$(BUILT_PRODUCTS_DIR)/iOS_DNSDObjects.app/iOS_DNSDObjects";
				FRAMEWORK_SEARCH_PATHS = (
					"\"$(SDKROOT)/Developer/Library/Frameworks\"",
					"\"$(DEVELOPER_LIBRARY_DIR)/Frameworks\"",
				);
				GCC_PRECOMPILE_PREFIX_HEADER = YES;
				GCC_PREFIX_HEADER = "iOS_DNSDObjects/iOS_DNSDObjects-Prefix.pch";
				INFOPLIST_FILE = "iOS_DNSDObjectsTests/iOS_DNSDObjectsTests-Info.plist";
				PRODUCT_NAME = "$(TARGET_NAME)";
				TEST_HOST = "$(BUNDLE_LOADER)";
				WRAPPER_EXTENSION = octest;
			};
			name = Release;
		};
/* End XCBuildConfiguration section */

/* Begin XCConfigurationList section */
		CB249CE9178EE2F200F2EA3D /* Build configuration list for PBXProject "iOS_DNSDObjects" */ = {
			isa = XCConfigurationList;
			buildConfigurations = (
				CB249D24178EE2F300F2EA3D /* Debug */,
				CB249D25178EE2F300F2EA3D /* Release */,
			);
			defaultConfigurationIsVisible = 0;
			defaultConfigurationName = Release;
		};
		CB249D26178EE2F300F2EA3D /* Build configuration list for PBXNativeTarget "iOS_DNSDObjects" */ = {
			isa = XCConfigurationList;
			buildConfigurations = (
				CB249D27178EE2F300F2EA3D /* Debug */,
				CB249D28178EE2F300F2EA3D /* Release */,
			);
			defaultConfigurationIsVisible = 0;
			defaultConfigurationName = Release;
		};
		CB249D29178EE2F300F2EA3D /* Build configuration list for PBXNativeTarget "iOS_DNSDObjectsTests" */ = {
			isa = XCConfigurationList;
			buildConfigurations = (
				CB249D2A178EE2F300F2EA3D /* Debug */,
				CB249D2B178EE2F300F2EA3D /* Release */,
			);
			defaultConfigurationIsVisible = 0;
			defaultConfigurationName = Release;
		};
/* End XCConfigurationList section */
	};
	rootObject = CB249CE6178EE2F200F2EA3D /* Project object */;
}
